
Microsoft Visual Studio Solution File, Format Version 12.00
# Visual Studio Version 17
VisualStudioVersion = 17.8.34330.188
MinimumVisualStudioVersion = 10.0.40219.1
Project("{FAE04EC0-301F-11D3-BF4B-00C04F79EFBC}") = "Examination_wf", "Examination_wf\Examination_wf.csproj", "{DAD41F65-CAC5-4045-8121-46DE919E8F12}"
EndProject
Global
	GlobalSection(SolutionConfigurationPlatforms) = preSolution
		Debug|Any CPU = Debug|Any CPU
		Release|Any CPU = Release|Any CPU
	EndGlobalSection
	GlobalSection(ProjectConfigurationPlatforms) = postSolution
		{DAD41F65-CAC5-4045-8121-46DE919E8F12}.Debug|Any CPU.ActiveCfg = Debug|Any CPU
		{DAD41F65-CAC5-4045-8121-46DE919E8F12}.Debug|Any CPU.Build.0 = Debug|Any CPU
		{DAD41F65-CAC5-4045-8121-46DE919E8F12}.Release|Any CPU.ActiveCfg = Release|Any CPU
		{DAD41F65-CAC5-4045-8121-46DE919E8F12}.Release|Any CPU.Build.0 = Release|Any CPU
	EndGlobalSection
	GlobalSection(SolutionProperties) = preSolution
		HideSolutionNode = FALSE
	EndGlobalSection
	GlobalSection(ExtensibilityGlobals) = postSolution
		SolutionGuid = {7362507A-7DC7-4F6F-ACD4-B427929C6777}
	EndGlobalSection
EndGlobal
